// !$*UTF8*$!
{
	archiveVersion = 1;
	classes = {
	};
	objectVersion = 56;
	objects = {

/* Begin PBXBuildFile section */
		B750A9432CFE7B7400E80B25 /* Mantenimiento_Productos_V1App.swift in Sources */ = {isa = PBXBuildFile; fileRef = B750A9422CFE7B7400E80B25 /* Mantenimiento_Productos_V1App.swift */; };
		B750A9452CFE7B7400E80B25 /* ContentView.swift in Sources */ = {isa = PBXBuildFile; fileRef = B750A9442CFE7B7400E80B25 /* ContentView.swift */; };
		B750A9472CFE7B7600E80B25 /* Assets.xcassets in Resources */ = {isa = PBXBuildFile; fileRef = B750A9462CFE7B7600E80B25 /* Assets.xcassets */; };
		B750A94A2CFE7B7600E80B25 /* Preview Assets.xcassets in Resources */ = {isa = PBXBuildFile; fileRef = B750A9492CFE7B7600E80B25 /* Preview Assets.xcassets */; };
		B750A9512CFE7BDA00E80B25 /* Producto.swift in Sources */ = {isa = PBXBuildFile; fileRef = B750A9502CFE7BDA00E80B25 /* Producto.swift */; };
		B750A9532CFE7C3F00E80B25 /* Categoria.swift in Sources */ = {isa = PBXBuildFile; fileRef = B750A9522CFE7C3F00E80B25 /* Categoria.swift */; };
		B750A9552CFE7C9C00E80B25 /* ListaCategoriasView.swift in Sources */ = {isa = PBXBuildFile; fileRef = B750A9542CFE7C9C00E80B25 /* ListaCategoriasView.swift */; };
		B750A9572CFE7F1300E80B25 /* RegistroCategoriaView.swift in Sources */ = {isa = PBXBuildFile; fileRef = B750A9562CFE7F1300E80B25 /* RegistroCategoriaView.swift */; };
		B750A9592CFE822800E80B25 /* ListaProductosView.swift in Sources */ = {isa = PBXBuildFile; fileRef = B750A9582CFE822800E80B25 /* ListaProductosView.swift */; };
		B750A95D2CFE83DA00E80B25 /* RegistroProductoView.swift in Sources */ = {isa = PBXBuildFile; fileRef = B750A95C2CFE83DA00E80B25 /* RegistroProductoView.swift */; };
		B750A95F2CFE85D700E80B25 /* EditarCategoriaView.swift in Sources */ = {isa = PBXBuildFile; fileRef = B750A95E2CFE85D700E80B25 /* EditarCategoriaView.swift */; };
		B750A9612CFE8D6300E80B25 /* DetalleProductoView.swift in Sources */ = {isa = PBXBuildFile; fileRef = B750A9602CFE8D6300E80B25 /* DetalleProductoView.swift */; };
		B750A9632CFE90BF00E80B25 /* EditarProductoView.swift in Sources */ = {isa = PBXBuildFile; fileRef = B750A9622CFE90BF00E80B25 /* EditarProductoView.swift */; };
/* End PBXBuildFile section */

/* Begin PBXFileReference section */
		B750A93F2CFE7B7400E80B25 /* Mantenimiento-Productos-V1.app */ = {isa = PBXFileReference; explicitFileType = wrapper.application; includeInIndex = 0; path = "Mantenimiento-Productos-V1.app"; sourceTree = BUILT_PRODUCTS_DIR; };
		B750A9422CFE7B7400E80B25 /* Mantenimiento_Productos_V1App.swift */ = {isa = PBXFileReference; lastKnownFileType = sourcecode.swift; path = Mantenimiento_Productos_V1App.swift; sourceTree = "<group>"; };
		B750A9442CFE7B7400E80B25 /* ContentView.swift */ = {isa = PBXFileReference; lastKnownFileType = sourcecode.swift; path = ContentView.swift; sourceTree = "<group>"; };
		B750A9462CFE7B7600E80B25 /* Assets.xcassets */ = {isa = PBXFileReference; lastKnownFileType = folder.assetcatalog; path = Assets.xcassets; sourceTree = "<group>"; };
		B750A9492CFE7B7600E80B25 /* Preview Assets.xcassets */ = {isa = PBXFileReference; lastKnownFileType = folder.assetcatalog; path = "Preview Assets.xcassets"; sourceTree = "<group>"; };
		B750A9502CFE7BDA00E80B25 /* Producto.swift */ = {isa = PBXFileReference; lastKnownFileType = sourcecode.swift; path = Producto.swift; sourceTree = "<group>"; };
		B750A9522CFE7C3F00E80B25 /* Categoria.swift */ = {isa = PBXFileReference; lastKnownFileType = sourcecode.swift; path = Categoria.swift; sourceTree = "<group>"; };
		B750A9542CFE7C9C00E80B25 /* ListaCategoriasView.swift */ = {isa = PBXFileReference; lastKnownFileType = sourcecode.swift; path = ListaCategoriasView.swift; sourceTree = "<group>"; };
		B750A9562CFE7F1300E80B25 /* RegistroCategoriaView.swift */ = {isa = PBXFileReference; lastKnownFileType = sourcecode.swift; path = RegistroCategoriaView.swift; sourceTree = "<group>"; };
		B750A9582CFE822800E80B25 /* ListaProductosView.swift */ = {isa = PBXFileReference; lastKnownFileType = sourcecode.swift; path = ListaProductosView.swift; sourceTree = "<group>"; };
		B750A95C2CFE83DA00E80B25 /* RegistroProductoView.swift */ = {isa = PBXFileReference; lastKnownFileType = sourcecode.swift; path = RegistroProductoView.swift; sourceTree = "<group>"; };
		B750A95E2CFE85D700E80B25 /* EditarCategoriaView.swift */ = {isa = PBXFileReference; lastKnownFileType = sourcecode.swift; path = EditarCategoriaView.swift; sourceTree = "<group>"; };
		B750A9602CFE8D6300E80B25 /* DetalleProductoView.swift */ = {isa = PBXFileReference; lastKnownFileType = sourcecode.swift; path = DetalleProductoView.swift; sourceTree = "<group>"; };
		B750A9622CFE90BF00E80B25 /* EditarProductoView.swift */ = {isa = PBXFileReference; lastKnownFileType = sourcecode.swift; path = EditarProductoView.swift; sourceTree = "<group>"; };
/* End PBXFileReference section */

/* Begin PBXFrameworksBuildPhase section */
		B750A93C2CFE7B7400E80B25 /* Frameworks */ = {
			isa = PBXFrameworksBuildPhase;
			buildActionMask = 2147483647;
			files = (
			);
			runOnlyForDeploymentPostprocessing = 0;
		};
/* End PBXFrameworksBuildPhase section */

/* Begin PBXGroup section */
		B750A9362CFE7B7400E80B25 = {
			isa = PBXGroup;
			children = (
				B750A9412CFE7B7400E80B25 /* Mantenimiento-Productos-V1 */,
				B750A9402CFE7B7400E80B25 /* Products */,
			);
			sourceTree = "<group>";
		};
		B750A9402CFE7B7400E80B25 /* Products */ = {
			isa = PBXGroup;
			children = (
				B750A93F2CFE7B7400E80B25 /* Mantenimiento-Productos-V1.app */,
			);
			name = Products;
			sourceTree = "<group>";
		};
		B750A9412CFE7B7400E80B25 /* Mantenimiento-Productos-V1 */ = {
			isa = PBXGroup;
			children = (
				B750A9422CFE7B7400E80B25 /* Mantenimiento_Productos_V1App.swift */,
				B750A9442CFE7B7400E80B25 /* ContentView.swift */,
				B750A9462CFE7B7600E80B25 /* Assets.xcassets */,
				B750A9482CFE7B7600E80B25 /* Preview Content */,
				B750A9502CFE7BDA00E80B25 /* Producto.swift */,
				B750A9522CFE7C3F00E80B25 /* Categoria.swift */,
				B750A9542CFE7C9C00E80B25 /* ListaCategoriasView.swift */,
				B750A9562CFE7F1300E80B25 /* RegistroCategoriaView.swift */,
				B750A9582CFE822800E80B25 /* ListaProductosView.swift */,
				B750A95C2CFE83DA00E80B25 /* RegistroProductoView.swift */,
				B750A95E2CFE85D700E80B25 /* EditarCategoriaView.swift */,
				B750A9602CFE8D6300E80B25 /* DetalleProductoView.swift */,
				B750A9622CFE90BF00E80B25 /* EditarProductoView.swift */,
			);
			path = "Mantenimiento-Productos-V1";
			sourceTree = "<group>";
		};
		B750A9482CFE7B7600E80B25 /* Preview Content */ = {
			isa = PBXGroup;
			children = (
				B750A9492CFE7B7600E80B25 /* Preview Assets.xcassets */,
			);
			path = "Preview Content";
			sourceTree = "<group>";
		};
/* End PBXGroup section */

/* Begin PBXNativeTarget section */
		B750A93E2CFE7B7400E80B25 /* Mantenimiento-Productos-V1 */ = {
			isa = PBXNativeTarget;
			buildConfigurationList = B750A94D2CFE7B7600E80B25 /* Build configuration list for PBXNativeTarget "Mantenimiento-Productos-V1" */;
			buildPhases = (
				B750A93B2CFE7B7400E80B25 /* Sources */,
				B750A93C2CFE7B7400E80B25 /* Frameworks */,
				B750A93D2CFE7B7400E80B25 /* Resources */,
			);
			buildRules = (
			);
			dependencies = (
			);
			name = "Mantenimiento-Productos-V1";
			productName = "Mantenimiento-Productos-V1";
			productReference = B750A93F2CFE7B7400E80B25 /* Mantenimiento-Productos-V1.app */;
			productType = "com.apple.product-type.application";
		};
/* End PBXNativeTarget section */

/* Begin PBXProject section */
		B750A9372CFE7B7400E80B25 /* Project object */ = {
			isa = PBXProject;
			attributes = {
				BuildIndependentTargetsInParallel = 1;
				LastSwiftUpdateCheck = 1420;
				LastUpgradeCheck = 1420;
				TargetAttributes = {
					B750A93E2CFE7B7400E80B25 = {
						CreatedOnToolsVersion = 14.2;
					};
				};
			};
			buildConfigurationList = B750A93A2CFE7B7400E80B25 /* Build configuration list for PBXProject "Mantenimiento-Productos-V1" */;
			compatibilityVersion = "Xcode 14.0";
			developmentRegion = en;
			hasScannedForEncodings = 0;
			knownRegions = (
				en,
				Base,
			);
			mainGroup = B750A9362CFE7B7400E80B25;
			productRefGroup = B750A9402CFE7B7400E80B25 /* Products */;
			projectDirPath = "";
			projectRoot = "";
			targets = (
				B750A93E2CFE7B7400E80B25 /* Mantenimiento-Productos-V1 */,
			);
		};
/* End PBXProject section */

/* Begin PBXResourcesBuildPhase section */
		B750A93D2CFE7B7400E80B25 /* Resources */ = {
			isa = PBXResourcesBuildPhase;
			buildActionMask = 2147483647;
			files = (
				B750A94A2CFE7B7600E80B25 /* Preview Assets.xcassets in Resources */,
				B750A9472CFE7B7600E80B25 /* Assets.xcassets in Resources */,
			);
			runOnlyForDeploymentPostprocessing = 0;
		};
/* End PBXResourcesBuildPhase section */

/* Begin PBXSourcesBuildPhase section */
		B750A93B2CFE7B7400E80B25 /* Sources */ = {
			isa = PBXSourcesBuildPhase;
			buildActionMask = 2147483647;
			files = (
				B750A95F2CFE85D700E80B25 /* EditarCategoriaView.swift in Sources */,
				B750A9592CFE822800E80B25 /* ListaProductosView.swift in Sources */,
				B750A9512CFE7BDA00E80B25 /* Producto.swift in Sources */,
				B750A9532CFE7C3F00E80B25 /* Categoria.swift in Sources */,
				B750A9612CFE8D6300E80B25 /* DetalleProductoView.swift in Sources */,
				B750A9452CFE7B7400E80B25 /* ContentView.swift in Sources */,
				B750A9632CFE90BF00E80B25 /* EditarProductoView.swift in Sources */,
				B750A9552CFE7C9C00E80B25 /* ListaCategoriasView.swift in Sources */,
				B750A9432CFE7B7400E80B25 /* Mantenimiento_Productos_V1App.swift in Sources */,
				B750A9572CFE7F1300E80B25 /* RegistroCategoriaView.swift in Sources */,
				B750A95D2CFE83DA00E80B25 /* RegistroProductoView.swift in Sources */,
			);
			runOnlyForDeploymentPostprocessing = 0;
		};
/* End PBXSourcesBuildPhase section */

/* Begin XCBuildConfiguration section */
		B750A94B2CFE7B7600E80B25 /* Debug */ = {
			isa = XCBuildConfiguration;
			buildSettings = {
				ALWAYS_SEARCH_USER_PATHS = NO;
				CLANG_ANALYZER_NONNULL = YES;
				CLANG_ANALYZER_NUMBER_OBJECT_CONVERSION = YES_AGGRESSIVE;
				CLANG_CXX_LANGUAGE_STANDARD = "gnu++20";
				CLANG_ENABLE_MODULES = YES;
				CLANG_ENABLE_OBJC_ARC = YES;
				CLANG_ENABLE_OBJC_WEAK = YES;
				CLANG_WARN_BLOCK_CAPTURE_AUTORELEASING = YES;
				CLANG_WARN_BOOL_CONVERSION = YES;
				CLANG_WARN_COMMA = YES;
				CLANG_WARN_CONSTANT_CONVERSION = YES;
				CLANG_WARN_DEPRECATED_OBJC_IMPLEMENTATIONS = YES;
				CLANG_WARN_DIRECT_OBJC_ISA_USAGE = YES_ERROR;
				CLANG_WARN_DOCUMENTATION_COMMENTS = YES;
				CLANG_WARN_EMPTY_BODY = YES;
				CLANG_WARN_ENUM_CONVERSION = YES;
				CLANG_WARN_INFINITE_RECURSION = YES;
				CLANG_WARN_INT_CONVERSION = YES;
				CLANG_WARN_NON_LITERAL_NULL_CONVERSION = YES;
				CLANG_WARN_OBJC_IMPLICIT_RETAIN_SELF = YES;
				CLANG_WARN_OBJC_LITERAL_CONVERSION = YES;
				CLANG_WARN_OBJC_ROOT_CLASS = YES_ERROR;
				CLANG_WARN_QUOTED_INCLUDE_IN_FRAMEWORK_HEADER = YES;
				CLANG_WARN_RANGE_LOOP_ANALYSIS = YES;
				CLANG_WARN_STRICT_PROTOTYPES = YES;
				CLANG_WARN_SUSPICIOUS_MOVE = YES;
				CLANG_WARN_UNGUARDED_AVAILABILITY = YES_AGGRESSIVE;
				CLANG_WARN_UNREACHABLE_CODE = YES;
				CLANG_WARN__DUPLICATE_METHOD_MATCH = YES;
				COPY_PHASE_STRIP = NO;
				DEBUG_INFORMATION_FORMAT = dwarf;
				ENABLE_STRICT_OBJC_MSGSEND = YES;
				ENABLE_TESTABILITY = YES;
				GCC_C_LANGUAGE_STANDARD = gnu11;
				GCC_DYNAMIC_NO_PIC = NO;
				GCC_NO_COMMON_BLOCKS = YES;
				GCC_OPTIMIZATION_LEVEL = 0;
				GCC_PREPROCESSOR_DEFINITIONS = (
					"DEBUG=1",
					"$(inherited)",
				);
				GCC_WARN_64_TO_32_BIT_CONVERSION = YES;
				GCC_WARN_ABOUT_RETURN_TYPE = YES_ERROR;
				GCC_WARN_UNDECLARED_SELECTOR = YES;
				GCC_WARN_UNINITIALIZED_AUTOS = YES_AGGRESSIVE;
				GCC_WARN_UNUSED_FUNCTION = YES;
				GCC_WARN_UNUSED_VARIABLE = YES;
				IPHONEOS_DEPLOYMENT_TARGET = 16.2;
				MTL_ENABLE_DEBUG_INFO = INCLUDE_SOURCE;
				MTL_FAST_MATH = YES;
				ONLY_ACTIVE_ARCH = YES;
				SDKROOT = iphoneos;
				SWIFT_ACTIVE_COMPILATION_CONDITIONS = DEBUG;
				SWIFT_OPTIMIZATION_LEVEL = "-Onone";
			};
			name = Debug;
		};
		B750A94C2CFE7B7600E80B25 /* Release */ = {
			isa = XCBuildConfiguration;
			buildSettings = {
				ALWAYS_SEARCH_USER_PATHS = NO;
				CLANG_ANALYZER_NONNULL = YES;
				CLANG_ANALYZER_NUMBER_OBJECT_CONVERSION = YES_AGGRESSIVE;
				CLANG_CXX_LANGUAGE_STANDARD = "gnu++20";
				CLANG_ENABLE_MODULES = YES;
				CLANG_ENABLE_OBJC_ARC = YES;
				CLANG_ENABLE_OBJC_WEAK = YES;
				CLANG_WARN_BLOCK_CAPTURE_AUTORELEASING = YES;
				CLANG_WARN_BOOL_CONVERSION = YES;
				CLANG_WARN_COMMA = YES;
				CLANG_WARN_CONSTANT_CONVERSION = YES;
				CLANG_WARN_DEPRECATED_OBJC_IMPLEMENTATIONS = YES;
				CLANG_WARN_DIRECT_OBJC_ISA_USAGE = YES_ERROR;
				CLANG_WARN_DOCUMENTATION_COMMENTS = YES;
				CLANG_WARN_EMPTY_BODY = YES;
				CLANG_WARN_ENUM_CONVERSION = YES;
				CLANG_WARN_INFINITE_RECURSION = YES;
				CLANG_WARN_INT_CONVERSION = YES;
				CLANG_WARN_NON_LITERAL_NULL_CONVERSION = YES;
				CLANG_WARN_OBJC_IMPLICIT_RETAIN_SELF = YES;
				CLANG_WARN_OBJC_LITERAL_CONVERSION = YES;
				CLANG_WARN_OBJC_ROOT_CLASS = YES_ERROR;
				CLANG_WARN_QUOTED_INCLUDE_IN_FRAMEWORK_HEADER = YES;
				CLANG_WARN_RANGE_LOOP_ANALYSIS = YES;
				CLANG_WARN_STRICT_PROTOTYPES = YES;
				CLANG_WARN_SUSPICIOUS_MOVE = YES;
				CLANG_WARN_UNGUARDED_AVAILABILITY = YES_AGGRESSIVE;
				CLANG_WARN_UNREACHABLE_CODE = YES;
				CLANG_WARN__DUPLICATE_METHOD_MATCH = YES;
				COPY_PHASE_STRIP = NO;
				DEBUG_INFORMATION_FORMAT = "dwarf-with-dsym";
				ENABLE_NS_ASSERTIONS = NO;
				ENABLE_STRICT_OBJC_MSGSEND = YES;
				GCC_C_LANGUAGE_STANDARD = gnu11;
				GCC_NO_COMMON_BLOCKS = YES;
				GCC_WARN_64_TO_32_BIT_CONVERSION = YES;
				GCC_WARN_ABOUT_RETURN_TYPE = YES_ERROR;
				GCC_WARN_UNDECLARED_SELECTOR = YES;
				GCC_WARN_UNINITIALIZED_AUTOS = YES_AGGRESSIVE;
				GCC_WARN_UNUSED_FUNCTION = YES;
				GCC_WARN_UNUSED_VARIABLE = YES;
				IPHONEOS_DEPLOYMENT_TARGET = 16.2;
				MTL_ENABLE_DEBUG_INFO = NO;
				MTL_FAST_MATH = YES;
				SDKROOT = iphoneos;
				SWIFT_COMPILATION_MODE = wholemodule;
				SWIFT_OPTIMIZATION_LEVEL = "-O";
				VALIDATE_PRODUCT = YES;
			};
			name = Release;
		};
		B750A94E2CFE7B7600E80B25 /* Debug */ = {
			isa = XCBuildConfiguration;
			buildSettings = {
				ASSETCATALOG_COMPILER_APPICON_NAME = AppIcon;
				ASSETCATALOG_COMPILER_GLOBAL_ACCENT_COLOR_NAME = AccentColor;
				CODE_SIGN_STYLE = Automatic;
				CURRENT_PROJECT_VERSION = 1;
				DEVELOPMENT_ASSET_PATHS = "\"Mantenimiento-Productos-V1/Preview Content\"";
				ENABLE_PREVIEWS = YES;
				GENERATE_INFOPLIST_FILE = YES;
				INFOPLIST_KEY_UIApplicationSceneManifest_Generation = YES;
				INFOPLIST_KEY_UIApplicationSupportsIndirectInputEvents = YES;
				INFOPLIST_KEY_UILaunchScreen_Generation = YES;
				INFOPLIST_KEY_UISupportedInterfaceOrientations_iPad = "UIInterfaceOrientationPortrait UIInterfaceOrientationPortraitUpsideDown UIInterfaceOrientationLandscapeLeft UIInterfaceOrientationLandscapeRight";
				INFOPLIST_KEY_UISupportedInterfaceOrientations_iPhone = "UIInterfaceOrientationPortrait UIInterfaceOrientationLandscapeLeft UIInterfaceOrientationLandscapeRight";
				LD_RUNPATH_SEARCH_PATHS = (
					"$(inherited)",
					"@executable_path/Frameworks",
				);
				MARKETING_VERSION = 1.0;
				PRODUCT_BUNDLE_IDENTIFIER = "cibertec.Mantenimiento-Productos-V1";
				PRODUCT_NAME = "$(TARGET_NAME)";
				SWIFT_EMIT_LOC_STRINGS = YES;
				SWIFT_VERSION = 5.0;
				TARGETED_DEVICE_FAMILY = "1,2";
			};
			name = Debug;
		};
		B750A94F2CFE7B7600E80B25 /* Release */ = {
			isa = XCBuildConfiguration;
			buildSettings = {
				ASSETCATALOG_COMPILER_APPICON_NAME = AppIcon;
				ASSETCATALOG_COMPILER_GLOBAL_ACCENT_COLOR_NAME = AccentColor;
				CODE_SIGN_STYLE = Automatic;
				CURRENT_PROJECT_VERSION = 1;
				DEVELOPMENT_ASSET_PATHS = "\"Mantenimiento-Productos-V1/Preview Content\"";
				ENABLE_PREVIEWS = YES;
				GENERATE_INFOPLIST_FILE = YES;
				INFOPLIST_KEY_UIApplicationSceneManifest_Generation = YES;
				INFOPLIST_KEY_UIApplicationSupportsIndirectInputEvents = YES;
				INFOPLIST_KEY_UILaunchScreen_Generation = YES;
				INFOPLIST_KEY_UISupportedInterfaceOrientations_iPad = "UIInterfaceOrientationPortrait UIInterfaceOrientationPortraitUpsideDown UIInterfaceOrientationLandscapeLeft UIInterfaceOrientationLandscapeRight";
				INFOPLIST_KEY_UISupportedInterfaceOrientations_iPhone = "UIInterfaceOrientationPortrait UIInterfaceOrientationLandscapeLeft UIInterfaceOrientationLandscapeRight";
				LD_RUNPATH_SEARCH_PATHS = (
					"$(inherited)",
					"@executable_path/Frameworks",
				);
				MARKETING_VERSION = 1.0;
				PRODUCT_BUNDLE_IDENTIFIER = "cibertec.Mantenimiento-Productos-V1";
				PRODUCT_NAME = "$(TARGET_NAME)";
				SWIFT_EMIT_LOC_STRINGS = YES;
				SWIFT_VERSION = 5.0;
				TARGETED_DEVICE_FAMILY = "1,2";
			};
			name = Release;
		};
/* End XCBuildConfiguration section */

/* Begin XCConfigurationList section */
		B750A93A2CFE7B7400E80B25 /* Build configuration list for PBXProject "Mantenimiento-Productos-V1" */ = {
			isa = XCConfigurationList;
			buildConfigurations = (
				B750A94B2CFE7B7600E80B25 /* Debug */,
				B750A94C2CFE7B7600E80B25 /* Release */,
			);
			defaultConfigurationIsVisible = 0;
			defaultConfigurationName = Release;
		};
		B750A94D2CFE7B7600E80B25 /* Build configuration list for PBXNativeTarget "Mantenimiento-Productos-V1" */ = {
			isa = XCConfigurationList;
			buildConfigurations = (
				B750A94E2CFE7B7600E80B25 /* Debug */,
				B750A94F2CFE7B7600E80B25 /* Release */,
			);
			defaultConfigurationIsVisible = 0;
			defaultConfigurationName = Release;
		};
/* End XCConfigurationList section */
	};
	rootObject = B750A9372CFE7B7400E80B25 /* Project object */;
}
